// !$*UTF8*$!
{
	archiveVersion = 1;
	classes = {
	};
	objectVersion = 50;
	objects = {

/* Begin PBXBuildFile section */
		564B5F5324ABE11B00E3C550 /* PlinkoView.swift in Sources */ = {isa = PBXBuildFile; fileRef = 564B5F5224ABE11B00E3C550 /* PlinkoView.swift */; };
		564C9DD824AD032E0089E7B1 /* ResourceDetailView.swift in Sources */ = {isa = PBXBuildFile; fileRef = 564C9DD724AD032E0089E7B1 /* ResourceDetailView.swift */; };
		564C9DDB24AD194C0089E7B1 /* ZeroGravityView.swift in Sources */ = {isa = PBXBuildFile; fileRef = 564C9DDA24AD194C0089E7B1 /* ZeroGravityView.swift */; };
		56A3F7E024A50D5E007FFF7F /* ScienceScenterIOS14App.swift in Sources */ = {isa = PBXBuildFile; fileRef = 56A3F7DF24A50D5E007FFF7F /* ScienceScenterIOS14App.swift */; };
		56A3F7E224A50D5E007FFF7F /* ContentView.swift in Sources */ = {isa = PBXBuildFile; fileRef = 56A3F7E124A50D5E007FFF7F /* ContentView.swift */; };
		56A3F7E424A50D5F007FFF7F /* Assets.xcassets in Resources */ = {isa = PBXBuildFile; fileRef = 56A3F7E324A50D5F007FFF7F /* Assets.xcassets */; };
		56A3F7E724A50D5F007FFF7F /* Preview Assets.xcassets in Resources */ = {isa = PBXBuildFile; fileRef = 56A3F7E624A50D5F007FFF7F /* Preview Assets.xcassets */; };
		56A3F7F224A50D5F007FFF7F /* ScienceScenterIOS14Tests.swift in Sources */ = {isa = PBXBuildFile; fileRef = 56A3F7F124A50D5F007FFF7F /* ScienceScenterIOS14Tests.swift */; };
		56A3F7FD24A50D5F007FFF7F /* ScienceScenterIOS14UITests.swift in Sources */ = {isa = PBXBuildFile; fileRef = 56A3F7FC24A50D5F007FFF7F /* ScienceScenterIOS14UITests.swift */; };
		56A3F81224A68C8F007FFF7F /* MapView.swift in Sources */ = {isa = PBXBuildFile; fileRef = 56A3F81124A68C8F007FFF7F /* MapView.swift */; };
		56A3F81824A6C4EE007FFF7F /* Helper.swift in Sources */ = {isa = PBXBuildFile; fileRef = 56A3F81324A6C4EE007FFF7F /* Helper.swift */; };
		56A3F81924A6C4EE007FFF7F /* activities.json in Resources */ = {isa = PBXBuildFile; fileRef = 56A3F81424A6C4EE007FFF7F /* activities.json */; };
		56A3F81A24A6C4EE007FFF7F /* exhibits.json in Resources */ = {isa = PBXBuildFile; fileRef = 56A3F81524A6C4EE007FFF7F /* exhibits.json */; };
		56A3F81B24A6C4EE007FFF7F /* planets.json in Resources */ = {isa = PBXBuildFile; fileRef = 56A3F81624A6C4EE007FFF7F /* planets.json */; };
		56A3F81C24A6C4EE007FFF7F /* ResourceList.json in Resources */ = {isa = PBXBuildFile; fileRef = 56A3F81724A6C4EE007FFF7F /* ResourceList.json */; };
		56A3F82124A6C505007FFF7F /* Exhibit.swift in Sources */ = {isa = PBXBuildFile; fileRef = 56A3F81D24A6C505007FFF7F /* Exhibit.swift */; };
		56A3F82224A6C505007FFF7F /* Resource.swift in Sources */ = {isa = PBXBuildFile; fileRef = 56A3F81E24A6C505007FFF7F /* Resource.swift */; };
		56A3F82324A6C505007FFF7F /* Planet.swift in Sources */ = {isa = PBXBuildFile; fileRef = 56A3F81F24A6C505007FFF7F /* Planet.swift */; };
		56A3F82424A6C505007FFF7F /* Activity.swift in Sources */ = {isa = PBXBuildFile; fileRef = 56A3F82024A6C505007FFF7F /* Activity.swift */; };
		56A3F83D24A6C51B007FFF7F /* ExhibitList.swift in Sources */ = {isa = PBXBuildFile; fileRef = 56A3F82624A6C51B007FFF7F /* ExhibitList.swift */; };
		56A3F83E24A6C51B007FFF7F /* ExhibitListItem.swift in Sources */ = {isa = PBXBuildFile; fileRef = 56A3F82724A6C51B007FFF7F /* ExhibitListItem.swift */; };
		56A3F83F24A6C51B007FFF7F /* ExhibitCircleImage.swift in Sources */ = {isa = PBXBuildFile; fileRef = 56A3F82824A6C51B007FFF7F /* ExhibitCircleImage.swift */; };
		56A3F84024A6C51B007FFF7F /* MatchTheColorMainView.swift in Sources */ = {isa = PBXBuildFile; fileRef = 56A3F82B24A6C51B007FFF7F /* MatchTheColorMainView.swift */; };
		56A3F84124A6C51B007FFF7F /* ColorToMatch.swift in Sources */ = {isa = PBXBuildFile; fileRef = 56A3F82C24A6C51B007FFF7F /* ColorToMatch.swift */; };
		56A3F84324A6C51B007FFF7F /* AlteredColor.swift in Sources */ = {isa = PBXBuildFile; fileRef = 56A3F82E24A6C51B007FFF7F /* AlteredColor.swift */; };
		56A3F84424A6C51B007FFF7F /* GameOverSheetView.swift in Sources */ = {isa = PBXBuildFile; fileRef = 56A3F83024A6C51B007FFF7F /* GameOverSheetView.swift */; };
		56A3F84524A6C51B007FFF7F /* NameThePlanet.swift in Sources */ = {isa = PBXBuildFile; fileRef = 56A3F83124A6C51B007FFF7F /* NameThePlanet.swift */; };
		56A3F84624A6C51B007FFF7F /* PlanetButton.swift in Sources */ = {isa = PBXBuildFile; fileRef = 56A3F83224A6C51B007FFF7F /* PlanetButton.swift */; };
		56A3F84724A6C51B007FFF7F /* AnswerText.swift in Sources */ = {isa = PBXBuildFile; fileRef = 56A3F83324A6C51B007FFF7F /* AnswerText.swift */; };
		56A3F84824A6C51B007FFF7F /* ActivitiesList.swift in Sources */ = {isa = PBXBuildFile; fileRef = 56A3F83424A6C51B007FFF7F /* ActivitiesList.swift */; };
		56A3F84924A6C51B007FFF7F /* Board.swift in Sources */ = {isa = PBXBuildFile; fileRef = 56A3F83624A6C51B007FFF7F /* Board.swift */; };
		56A3F84A24A6C51B007FFF7F /* BalanceGameMainView.swift in Sources */ = {isa = PBXBuildFile; fileRef = 56A3F83724A6C51B007FFF7F /* BalanceGameMainView.swift */; };
		56A3F84B24A6C51B007FFF7F /* Triangle.swift in Sources */ = {isa = PBXBuildFile; fileRef = 56A3F83824A6C51B007FFF7F /* Triangle.swift */; };
		56A3F84C24A6C51B007FFF7F /* VirtualExhbitListView.swift in Sources */ = {isa = PBXBuildFile; fileRef = 56A3F83A24A6C51B007FFF7F /* VirtualExhbitListView.swift */; };
		56A3F84D24A6C51B007FFF7F /* ResourceList.swift in Sources */ = {isa = PBXBuildFile; fileRef = 56A3F83C24A6C51B007FFF7F /* ResourceList.swift */; };
		56A3F85124A6C52C007FFF7F /* LocationTitleView.swift in Sources */ = {isa = PBXBuildFile; fileRef = 56A3F84E24A6C52C007FFF7F /* LocationTitleView.swift */; };
		56A3F85224A6C52C007FFF7F /* HomeImage.swift in Sources */ = {isa = PBXBuildFile; fileRef = 56A3F84F24A6C52C007FFF7F /* HomeImage.swift */; };
		56A3F85324A6C52C007FFF7F /* FeaturedList.swift in Sources */ = {isa = PBXBuildFile; fileRef = 56A3F85024A6C52C007FFF7F /* FeaturedList.swift */; };
		56A3F85724A6C537007FFF7F /* ExhibitDetailView.swift in Sources */ = {isa = PBXBuildFile; fileRef = 56A3F85524A6C537007FFF7F /* ExhibitDetailView.swift */; };
		56A3F85824A6C537007FFF7F /* TheScienceView.swift in Sources */ = {isa = PBXBuildFile; fileRef = 56A3F85624A6C537007FFF7F /* TheScienceView.swift */; };
		56A3F85C24A6C6E8007FFF7F /* Home.swift in Sources */ = {isa = PBXBuildFile; fileRef = 56A3F85B24A6C6E8007FFF7F /* Home.swift */; };
		56A3F85E24A6CAED007FFF7F /* FeaturedGrid.swift in Sources */ = {isa = PBXBuildFile; fileRef = 56A3F85D24A6CAED007FFF7F /* FeaturedGrid.swift */; };
/* End PBXBuildFile section */

/* Begin PBXContainerItemProxy section */
		56A3F7EE24A50D5F007FFF7F /* PBXContainerItemProxy */ = {
			isa = PBXContainerItemProxy;
			containerPortal = 56A3F7D424A50D5E007FFF7F /* Project object */;
			proxyType = 1;
			remoteGlobalIDString = 56A3F7DB24A50D5E007FFF7F;
			remoteInfo = ScienceScenterIOS14;
		};
		56A3F7F924A50D5F007FFF7F /* PBXContainerItemProxy */ = {
			isa = PBXContainerItemProxy;
			containerPortal = 56A3F7D424A50D5E007FFF7F /* Project object */;
			proxyType = 1;
			remoteGlobalIDString = 56A3F7DB24A50D5E007FFF7F;
			remoteInfo = ScienceScenterIOS14;
		};
/* End PBXContainerItemProxy section */

/* Begin PBXFileReference section */
		564B5F5224ABE11B00E3C550 /* PlinkoView.swift */ = {isa = PBXFileReference; lastKnownFileType = sourcecode.swift; path = PlinkoView.swift; sourceTree = "<group>"; };
		564C9DD724AD032E0089E7B1 /* ResourceDetailView.swift */ = {isa = PBXFileReference; lastKnownFileType = sourcecode.swift; path = ResourceDetailView.swift; sourceTree = "<group>"; };
		564C9DDA24AD194C0089E7B1 /* ZeroGravityView.swift */ = {isa = PBXFileReference; lastKnownFileType = sourcecode.swift; path = ZeroGravityView.swift; sourceTree = "<group>"; };
		56A3F7DC24A50D5E007FFF7F /* ScienceScenterIOS14.app */ = {isa = PBXFileReference; explicitFileType = wrapper.application; includeInIndex = 0; path = ScienceScenterIOS14.app; sourceTree = BUILT_PRODUCTS_DIR; };
		56A3F7DF24A50D5E007FFF7F /* ScienceScenterIOS14App.swift */ = {isa = PBXFileReference; lastKnownFileType = sourcecode.swift; path = ScienceScenterIOS14App.swift; sourceTree = "<group>"; };
		56A3F7E124A50D5E007FFF7F /* ContentView.swift */ = {isa = PBXFileReference; lastKnownFileType = sourcecode.swift; path = ContentView.swift; sourceTree = "<group>"; };
		56A3F7E324A50D5F007FFF7F /* Assets.xcassets */ = {isa = PBXFileReference; lastKnownFileType = folder.assetcatalog; path = Assets.xcassets; sourceTree = "<group>"; };
		56A3F7E624A50D5F007FFF7F /* Preview Assets.xcassets */ = {isa = PBXFileReference; lastKnownFileType = folder.assetcatalog; path = "Preview Assets.xcassets"; sourceTree = "<group>"; };
		56A3F7E824A50D5F007FFF7F /* Info.plist */ = {isa = PBXFileReference; lastKnownFileType = text.plist.xml; path = Info.plist; sourceTree = "<group>"; };
		56A3F7ED24A50D5F007FFF7F /* ScienceScenterIOS14Tests.xctest */ = {isa = PBXFileReference; explicitFileType = wrapper.cfbundle; includeInIndex = 0; path = ScienceScenterIOS14Tests.xctest; sourceTree = BUILT_PRODUCTS_DIR; };
		56A3F7F124A50D5F007FFF7F /* ScienceScenterIOS14Tests.swift */ = {isa = PBXFileReference; lastKnownFileType = sourcecode.swift; path = ScienceScenterIOS14Tests.swift; sourceTree = "<group>"; };
		56A3F7F324A50D5F007FFF7F /* Info.plist */ = {isa = PBXFileReference; lastKnownFileType = text.plist.xml; path = Info.plist; sourceTree = "<group>"; };
		56A3F7F824A50D5F007FFF7F /* ScienceScenterIOS14UITests.xctest */ = {isa = PBXFileReference; explicitFileType = wrapper.cfbundle; includeInIndex = 0; path = ScienceScenterIOS14UITests.xctest; sourceTree = BUILT_PRODUCTS_DIR; };
		56A3F7FC24A50D5F007FFF7F /* ScienceScenterIOS14UITests.swift */ = {isa = PBXFileReference; lastKnownFileType = sourcecode.swift; path = ScienceScenterIOS14UITests.swift; sourceTree = "<group>"; };
		56A3F7FE24A50D5F007FFF7F /* Info.plist */ = {isa = PBXFileReference; lastKnownFileType = text.plist.xml; path = Info.plist; sourceTree = "<group>"; };
		56A3F81124A68C8F007FFF7F /* MapView.swift */ = {isa = PBXFileReference; lastKnownFileType = sourcecode.swift; path = MapView.swift; sourceTree = "<group>"; };
		56A3F81324A6C4EE007FFF7F /* Helper.swift */ = {isa = PBXFileReference; fileEncoding = 4; lastKnownFileType = sourcecode.swift; path = Helper.swift; sourceTree = "<group>"; };
		56A3F81424A6C4EE007FFF7F /* activities.json */ = {isa = PBXFileReference; fileEncoding = 4; lastKnownFileType = text.json; path = activities.json; sourceTree = "<group>"; };
		56A3F81524A6C4EE007FFF7F /* exhibits.json */ = {isa = PBXFileReference; fileEncoding = 4; lastKnownFileType = text.json; path = exhibits.json; sourceTree = "<group>"; };
		56A3F81624A6C4EE007FFF7F /* planets.json */ = {isa = PBXFileReference; fileEncoding = 4; lastKnownFileType = text.json; path = planets.json; sourceTree = "<group>"; };
		56A3F81724A6C4EE007FFF7F /* ResourceList.json */ = {isa = PBXFileReference; fileEncoding = 4; lastKnownFileType = text.json; path = ResourceList.json; sourceTree = "<group>"; };
		56A3F81D24A6C505007FFF7F /* Exhibit.swift */ = {isa = PBXFileReference; fileEncoding = 4; lastKnownFileType = sourcecode.swift; path = Exhibit.swift; sourceTree = "<group>"; };
		56A3F81E24A6C505007FFF7F /* Resource.swift */ = {isa = PBXFileReference; fileEncoding = 4; lastKnownFileType = sourcecode.swift; path = Resource.swift; sourceTree = "<group>"; };
		56A3F81F24A6C505007FFF7F /* Planet.swift */ = {isa = PBXFileReference; fileEncoding = 4; lastKnownFileType = sourcecode.swift; path = Planet.swift; sourceTree = "<group>"; };
		56A3F82024A6C505007FFF7F /* Activity.swift */ = {isa = PBXFileReference; fileEncoding = 4; lastKnownFileType = sourcecode.swift; path = Activity.swift; sourceTree = "<group>"; };
		56A3F82624A6C51B007FFF7F /* ExhibitList.swift */ = {isa = PBXFileReference; fileEncoding = 4; lastKnownFileType = sourcecode.swift; path = ExhibitList.swift; sourceTree = "<group>"; };
		56A3F82724A6C51B007FFF7F /* ExhibitListItem.swift */ = {isa = PBXFileReference; fileEncoding = 4; lastKnownFileType = sourcecode.swift; path = ExhibitListItem.swift; sourceTree = "<group>"; };
		56A3F82824A6C51B007FFF7F /* ExhibitCircleImage.swift */ = {isa = PBXFileReference; fileEncoding = 4; lastKnownFileType = sourcecode.swift; path = ExhibitCircleImage.swift; sourceTree = "<group>"; };
		56A3F82B24A6C51B007FFF7F /* MatchTheColorMainView.swift */ = {isa = PBXFileReference; fileEncoding = 4; lastKnownFileType = sourcecode.swift; path = MatchTheColorMainView.swift; sourceTree = "<group>"; };
		56A3F82C24A6C51B007FFF7F /* ColorToMatch.swift */ = {isa = PBXFileReference; fileEncoding = 4; lastKnownFileType = sourcecode.swift; path = ColorToMatch.swift; sourceTree = "<group>"; };
		56A3F82E24A6C51B007FFF7F /* AlteredColor.swift */ = {isa = PBXFileReference; fileEncoding = 4; lastKnownFileType = sourcecode.swift; path = AlteredColor.swift; sourceTree = "<group>"; };
		56A3F83024A6C51B007FFF7F /* GameOverSheetView.swift */ = {isa = PBXFileReference; fileEncoding = 4; lastKnownFileType = sourcecode.swift; path = GameOverSheetView.swift; sourceTree = "<group>"; };
		56A3F83124A6C51B007FFF7F /* NameThePlanet.swift */ = {isa = PBXFileReference; fileEncoding = 4; lastKnownFileType = sourcecode.swift; path = NameThePlanet.swift; sourceTree = "<group>"; };
		56A3F83224A6C51B007FFF7F /* PlanetButton.swift */ = {isa = PBXFileReference; fileEncoding = 4; lastKnownFileType = sourcecode.swift; path = PlanetButton.swift; sourceTree = "<group>"; };
		56A3F83324A6C51B007FFF7F /* AnswerText.swift */ = {isa = PBXFileReference; fileEncoding = 4; lastKnownFileType = sourcecode.swift; path = AnswerText.swift; sourceTree = "<group>"; };
		56A3F83424A6C51B007FFF7F /* ActivitiesList.swift */ = {isa = PBXFileReference; fileEncoding = 4; lastKnownFileType = sourcecode.swift; path = ActivitiesList.swift; sourceTree = "<group>"; };
		56A3F83624A6C51B007FFF7F /* Board.swift */ = {isa = PBXFileReference; fileEncoding = 4; lastKnownFileType = sourcecode.swift; path = Board.swift; sourceTree = "<group>"; };
		56A3F83724A6C51B007FFF7F /* BalanceGameMainView.swift */ = {isa = PBXFileReference; fileEncoding = 4; lastKnownFileType = sourcecode.swift; path = BalanceGameMainView.swift; sourceTree = "<group>"; };
		56A3F83824A6C51B007FFF7F /* Triangle.swift */ = {isa = PBXFileReference; fileEncoding = 4; lastKnownFileType = sourcecode.swift; path = Triangle.swift; sourceTree = "<group>"; };
		56A3F83A24A6C51B007FFF7F /* VirtualExhbitListView.swift */ = {isa = PBXFileReference; fileEncoding = 4; lastKnownFileType = sourcecode.swift; path = VirtualExhbitListView.swift; sourceTree = "<group>"; };
		56A3F83C24A6C51B007FFF7F /* ResourceList.swift */ = {isa = PBXFileReference; fileEncoding = 4; lastKnownFileType = sourcecode.swift; path = ResourceList.swift; sourceTree = "<group>"; };
		56A3F84E24A6C52C007FFF7F /* LocationTitleView.swift */ = {isa = PBXFileReference; fileEncoding = 4; lastKnownFileType = sourcecode.swift; name = LocationTitleView.swift; path = ../../../../../ScienceScenter/ScienceScenter/Views/MainViews/Home/LocationTitleView.swift; sourceTree = "<group>"; };
		56A3F84F24A6C52C007FFF7F /* HomeImage.swift */ = {isa = PBXFileReference; fileEncoding = 4; lastKnownFileType = sourcecode.swift; name = HomeImage.swift; path = ../../../../../ScienceScenter/ScienceScenter/Views/MainViews/Home/HomeImage.swift; sourceTree = "<group>"; };
		56A3F85024A6C52C007FFF7F /* FeaturedList.swift */ = {isa = PBXFileReference; fileEncoding = 4; lastKnownFileType = sourcecode.swift; name = FeaturedList.swift; path = ../../../../../ScienceScenter/ScienceScenter/Views/MainViews/Home/FeaturedList.swift; sourceTree = "<group>"; };
		56A3F85524A6C537007FFF7F /* ExhibitDetailView.swift */ = {isa = PBXFileReference; fileEncoding = 4; lastKnownFileType = sourcecode.swift; path = ExhibitDetailView.swift; sourceTree = "<group>"; };
		56A3F85624A6C537007FFF7F /* TheScienceView.swift */ = {isa = PBXFileReference; fileEncoding = 4; lastKnownFileType = sourcecode.swift; path = TheScienceView.swift; sourceTree = "<group>"; };
		56A3F85B24A6C6E8007FFF7F /* Home.swift */ = {isa = PBXFileReference; lastKnownFileType = sourcecode.swift; path = Home.swift; sourceTree = "<group>"; };
		56A3F85D24A6CAED007FFF7F /* FeaturedGrid.swift */ = {isa = PBXFileReference; lastKnownFileType = sourcecode.swift; path = FeaturedGrid.swift; sourceTree = "<group>"; };
/* End PBXFileReference section */

/* Begin PBXFrameworksBuildPhase section */
		56A3F7D924A50D5E007FFF7F /* Frameworks */ = {
			isa = PBXFrameworksBuildPhase;
			buildActionMask = 2147483647;
			files = (
			);
			runOnlyForDeploymentPostprocessing = 0;
		};
		56A3F7EA24A50D5F007FFF7F /* Frameworks */ = {
			isa = PBXFrameworksBuildPhase;
			buildActionMask = 2147483647;
			files = (
			);
			runOnlyForDeploymentPostprocessing = 0;
		};
		56A3F7F524A50D5F007FFF7F /* Frameworks */ = {
			isa = PBXFrameworksBuildPhase;
			buildActionMask = 2147483647;
			files = (
			);
			runOnlyForDeploymentPostprocessing = 0;
		};
/* End PBXFrameworksBuildPhase section */

/* Begin PBXGroup section */
		564C9DD624AD031F0089E7B1 /* ResourceDetails */ = {
			isa = PBXGroup;
			children = (
				564C9DD724AD032E0089E7B1 /* ResourceDetailView.swift */,
			);
			path = ResourceDetails;
			sourceTree = "<group>";
		};
		564C9DD924AD193F0089E7B1 /* ZeroGravity */ = {
			isa = PBXGroup;
			children = (
				564C9DDA24AD194C0089E7B1 /* ZeroGravityView.swift */,
			);
			path = ZeroGravity;
			sourceTree = "<group>";
		};
		5650E4C924AA4F28006FF973 /* Plinko */ = {
			isa = PBXGroup;
			children = (
				564B5F5224ABE11B00E3C550 /* PlinkoView.swift */,
			);
			path = Plinko;
			sourceTree = "<group>";
		};
		56A3F7D324A50D5E007FFF7F = {
			isa = PBXGroup;
			children = (
				56A3F7DE24A50D5E007FFF7F /* ScienceScenterIOS14 */,
				56A3F7F024A50D5F007FFF7F /* ScienceScenterIOS14Tests */,
				56A3F7FB24A50D5F007FFF7F /* ScienceScenterIOS14UITests */,
				56A3F7DD24A50D5E007FFF7F /* Products */,
			);
			sourceTree = "<group>";
		};
		56A3F7DD24A50D5E007FFF7F /* Products */ = {
			isa = PBXGroup;
			children = (
				56A3F7DC24A50D5E007FFF7F /* ScienceScenterIOS14.app */,
				56A3F7ED24A50D5F007FFF7F /* ScienceScenterIOS14Tests.xctest */,
				56A3F7F824A50D5F007FFF7F /* ScienceScenterIOS14UITests.xctest */,
			);
			name = Products;
			sourceTree = "<group>";
		};
		56A3F7DE24A50D5E007FFF7F /* ScienceScenterIOS14 */ = {
			isa = PBXGroup;
			children = (
				56A3F7DF24A50D5E007FFF7F /* ScienceScenterIOS14App.swift */,
				56A3F7E124A50D5E007FFF7F /* ContentView.swift */,
				56A3F81424A6C4EE007FFF7F /* activities.json */,
				56A3F81524A6C4EE007FFF7F /* exhibits.json */,
				56A3F81324A6C4EE007FFF7F /* Helper.swift */,
				56A3F81624A6C4EE007FFF7F /* planets.json */,
				56A3F81724A6C4EE007FFF7F /* ResourceList.json */,
				56A3F80B24A50EF0007FFF7F /* Models */,
				56A3F80A24A50EEA007FFF7F /* Views */,
				56A3F7E324A50D5F007FFF7F /* Assets.xcassets */,
				56A3F7E824A50D5F007FFF7F /* Info.plist */,
				56A3F7E524A50D5F007FFF7F /* Preview Content */,
			);
			path = ScienceScenterIOS14;
			sourceTree = "<group>";
		};
		56A3F7E524A50D5F007FFF7F /* Preview Content */ = {
			isa = PBXGroup;
			children = (
				56A3F7E624A50D5F007FFF7F /* Preview Assets.xcassets */,
			);
			path = "Preview Content";
			sourceTree = "<group>";
		};
		56A3F7F024A50D5F007FFF7F /* ScienceScenterIOS14Tests */ = {
			isa = PBXGroup;
			children = (
				56A3F7F124A50D5F007FFF7F /* ScienceScenterIOS14Tests.swift */,
				56A3F7F324A50D5F007FFF7F /* Info.plist */,
			);
			path = ScienceScenterIOS14Tests;
			sourceTree = "<group>";
		};
		56A3F7FB24A50D5F007FFF7F /* ScienceScenterIOS14UITests */ = {
			isa = PBXGroup;
			children = (
				56A3F7FC24A50D5F007FFF7F /* ScienceScenterIOS14UITests.swift */,
				56A3F7FE24A50D5F007FFF7F /* Info.plist */,
			);
			path = ScienceScenterIOS14UITests;
			sourceTree = "<group>";
		};
		56A3F80A24A50EEA007FFF7F /* Views */ = {
			isa = PBXGroup;
			children = (
				56A3F80D24A50F26007FFF7F /* DetailViews */,
				56A3F80C24A50F1E007FFF7F /* MainViews */,
			);
			path = Views;
			sourceTree = "<group>";
		};
		56A3F80B24A50EF0007FFF7F /* Models */ = {
			isa = PBXGroup;
			children = (
				56A3F82024A6C505007FFF7F /* Activity.swift */,
				56A3F81D24A6C505007FFF7F /* Exhibit.swift */,
				56A3F81F24A6C505007FFF7F /* Planet.swift */,
				56A3F81E24A6C505007FFF7F /* Resource.swift */,
			);
			path = Models;
			sourceTree = "<group>";
		};
		56A3F80C24A50F1E007FFF7F /* MainViews */ = {
			isa = PBXGroup;
			children = (
				56A3F82924A6C51B007FFF7F /* Activities */,
				56A3F82524A6C51B007FFF7F /* Exhibits */,
				56A3F83B24A6C51B007FFF7F /* Resources */,
				56A3F83924A6C51B007FFF7F /* VirtualExhibits */,
				56A3F80E24A50F2F007FFF7F /* Home */,
			);
			path = MainViews;
			sourceTree = "<group>";
		};
		56A3F80D24A50F26007FFF7F /* DetailViews */ = {
			isa = PBXGroup;
			children = (
				564C9DD624AD031F0089E7B1 /* ResourceDetails */,
				56A3F85424A6C537007FFF7F /* ExhibitDetails */,
			);
			path = DetailViews;
			sourceTree = "<group>";
		};
		56A3F80E24A50F2F007FFF7F /* Home */ = {
			isa = PBXGroup;
			children = (
				56A3F81124A68C8F007FFF7F /* MapView.swift */,
				56A3F85B24A6C6E8007FFF7F /* Home.swift */,
				56A3F85D24A6CAED007FFF7F /* FeaturedGrid.swift */,
				56A3F85024A6C52C007FFF7F /* FeaturedList.swift */,
				56A3F84F24A6C52C007FFF7F /* HomeImage.swift */,
				56A3F84E24A6C52C007FFF7F /* LocationTitleView.swift */,
			);
			path = Home;
			sourceTree = "<group>";
		};
		56A3F82524A6C51B007FFF7F /* Exhibits */ = {
			isa = PBXGroup;
			children = (
				56A3F82624A6C51B007FFF7F /* ExhibitList.swift */,
				56A3F82724A6C51B007FFF7F /* ExhibitListItem.swift */,
				56A3F82824A6C51B007FFF7F /* ExhibitCircleImage.swift */,
			);
			path = Exhibits;
			sourceTree = "<group>";
		};
		56A3F82924A6C51B007FFF7F /* Activities */ = {
			isa = PBXGroup;
			children = (
				564C9DD924AD193F0089E7B1 /* ZeroGravity */,
				5650E4C924AA4F28006FF973 /* Plinko */,
				56A3F82A24A6C51B007FFF7F /* MatchTheColor */,
				56A3F82F24A6C51B007FFF7F /* PlanetNames */,
				56A3F83424A6C51B007FFF7F /* ActivitiesList.swift */,
				56A3F83524A6C51B007FFF7F /* BalanceGame */,
			);
			name = Activities;
			path = ../../../../ScienceScenter/ScienceScenter/Views/MainViews/Activities;
			sourceTree = "<group>";
		};
		56A3F82A24A6C51B007FFF7F /* MatchTheColor */ = {
			isa = PBXGroup;
			children = (
				56A3F82B24A6C51B007FFF7F /* MatchTheColorMainView.swift */,
				56A3F82C24A6C51B007FFF7F /* ColorToMatch.swift */,
				56A3F82E24A6C51B007FFF7F /* AlteredColor.swift */,
			);
			path = MatchTheColor;
			sourceTree = "<group>";
		};
		56A3F82F24A6C51B007FFF7F /* PlanetNames */ = {
			isa = PBXGroup;
			children = (
				56A3F83024A6C51B007FFF7F /* GameOverSheetView.swift */,
				56A3F83124A6C51B007FFF7F /* NameThePlanet.swift */,
				56A3F83224A6C51B007FFF7F /* PlanetButton.swift */,
				56A3F83324A6C51B007FFF7F /* AnswerText.swift */,
			);
			path = PlanetNames;
			sourceTree = "<group>";
		};
		56A3F83524A6C51B007FFF7F /* BalanceGame */ = {
			isa = PBXGroup;
			children = (
				56A3F83624A6C51B007FFF7F /* Board.swift */,
				56A3F83724A6C51B007FFF7F /* BalanceGameMainView.swift */,
				56A3F83824A6C51B007FFF7F /* Triangle.swift */,
			);
			path = BalanceGame;
			sourceTree = "<group>";
		};
		56A3F83924A6C51B007FFF7F /* VirtualExhibits */ = {
			isa = PBXGroup;
			children = (
				56A3F83A24A6C51B007FFF7F /* VirtualExhbitListView.swift */,
			);
			path = VirtualExhibits;
			sourceTree = "<group>";
		};
		56A3F83B24A6C51B007FFF7F /* Resources */ = {
			isa = PBXGroup;
			children = (
				56A3F83C24A6C51B007FFF7F /* ResourceList.swift */,
			);
			path = Resources;
			sourceTree = "<group>";
		};
		56A3F85424A6C537007FFF7F /* ExhibitDetails */ = {
			isa = PBXGroup;
			children = (
				56A3F85524A6C537007FFF7F /* ExhibitDetailView.swift */,
				56A3F85624A6C537007FFF7F /* TheScienceView.swift */,
			);
			path = ExhibitDetails;
			sourceTree = "<group>";
		};
/* End PBXGroup section */

/* Begin PBXNativeTarget section */
		56A3F7DB24A50D5E007FFF7F /* ScienceScenterIOS14 */ = {
			isa = PBXNativeTarget;
			buildConfigurationList = 56A3F80124A50D5F007FFF7F /* Build configuration list for PBXNativeTarget "ScienceScenterIOS14" */;
			buildPhases = (
				56A3F7D824A50D5E007FFF7F /* Sources */,
				56A3F7D924A50D5E007FFF7F /* Frameworks */,
				56A3F7DA24A50D5E007FFF7F /* Resources */,
			);
			buildRules = (
			);
			dependencies = (
			);
			name = ScienceScenterIOS14;
			productName = ScienceScenterIOS14;
			productReference = 56A3F7DC24A50D5E007FFF7F /* ScienceScenterIOS14.app */;
			productType = "com.apple.product-type.application";
		};
		56A3F7EC24A50D5F007FFF7F /* ScienceScenterIOS14Tests */ = {
			isa = PBXNativeTarget;
			buildConfigurationList = 56A3F80424A50D5F007FFF7F /* Build configuration list for PBXNativeTarget "ScienceScenterIOS14Tests" */;
			buildPhases = (
				56A3F7E924A50D5F007FFF7F /* Sources */,
				56A3F7EA24A50D5F007FFF7F /* Frameworks */,
				56A3F7EB24A50D5F007FFF7F /* Resources */,
			);
			buildRules = (
			);
			dependencies = (
				56A3F7EF24A50D5F007FFF7F /* PBXTargetDependency */,
			);
			name = ScienceScenterIOS14Tests;
			productName = ScienceScenterIOS14Tests;
			productReference = 56A3F7ED24A50D5F007FFF7F /* ScienceScenterIOS14Tests.xctest */;
			productType = "com.apple.product-type.bundle.unit-test";
		};
		56A3F7F724A50D5F007FFF7F /* ScienceScenterIOS14UITests */ = {
			isa = PBXNativeTarget;
			buildConfigurationList = 56A3F80724A50D5F007FFF7F /* Build configuration list for PBXNativeTarget "ScienceScenterIOS14UITests" */;
			buildPhases = (
				56A3F7F424A50D5F007FFF7F /* Sources */,
				56A3F7F524A50D5F007FFF7F /* Frameworks */,
				56A3F7F624A50D5F007FFF7F /* Resources */,
			);
			buildRules = (
			);
			dependencies = (
				56A3F7FA24A50D5F007FFF7F /* PBXTargetDependency */,
			);
			name = ScienceScenterIOS14UITests;
			productName = ScienceScenterIOS14UITests;
			productReference = 56A3F7F824A50D5F007FFF7F /* ScienceScenterIOS14UITests.xctest */;
			productType = "com.apple.product-type.bundle.ui-testing";
		};
/* End PBXNativeTarget section */

/* Begin PBXProject section */
		56A3F7D424A50D5E007FFF7F /* Project object */ = {
			isa = PBXProject;
			attributes = {
				LastSwiftUpdateCheck = 1200;
				LastUpgradeCheck = 1200;
				TargetAttributes = {
					56A3F7DB24A50D5E007FFF7F = {
						CreatedOnToolsVersion = 12.0;
					};
					56A3F7EC24A50D5F007FFF7F = {
						CreatedOnToolsVersion = 12.0;
						TestTargetID = 56A3F7DB24A50D5E007FFF7F;
					};
					56A3F7F724A50D5F007FFF7F = {
						CreatedOnToolsVersion = 12.0;
						TestTargetID = 56A3F7DB24A50D5E007FFF7F;
					};
				};
			};
			buildConfigurationList = 56A3F7D724A50D5E007FFF7F /* Build configuration list for PBXProject "ScienceScenterIOS14" */;
			compatibilityVersion = "Xcode 9.3";
			developmentRegion = en;
			hasScannedForEncodings = 0;
			knownRegions = (
				en,
				Base,
			);
			mainGroup = 56A3F7D324A50D5E007FFF7F;
			productRefGroup = 56A3F7DD24A50D5E007FFF7F /* Products */;
			projectDirPath = "";
			projectRoot = "";
			targets = (
				56A3F7DB24A50D5E007FFF7F /* ScienceScenterIOS14 */,
				56A3F7EC24A50D5F007FFF7F /* ScienceScenterIOS14Tests */,
				56A3F7F724A50D5F007FFF7F /* ScienceScenterIOS14UITests */,
			);
		};
/* End PBXProject section */

/* Begin PBXResourcesBuildPhase section */
		56A3F7DA24A50D5E007FFF7F /* Resources */ = {
			isa = PBXResourcesBuildPhase;
			buildActionMask = 2147483647;
			files = (
				56A3F7E724A50D5F007FFF7F /* Preview Assets.xcassets in Resources */,
				56A3F81B24A6C4EE007FFF7F /* planets.json in Resources */,
				56A3F81A24A6C4EE007FFF7F /* exhibits.json in Resources */,
				56A3F81C24A6C4EE007FFF7F /* ResourceList.json in Resources */,
				56A3F7E424A50D5F007FFF7F /* Assets.xcassets in Resources */,
				56A3F81924A6C4EE007FFF7F /* activities.json in Resources */,
			);
			runOnlyForDeploymentPostprocessing = 0;
		};
		56A3F7EB24A50D5F007FFF7F /* Resources */ = {
			isa = PBXResourcesBuildPhase;
			buildActionMask = 2147483647;
			files = (
			);
			runOnlyForDeploymentPostprocessing = 0;
		};
		56A3F7F624A50D5F007FFF7F /* Resources */ = {
			isa = PBXResourcesBuildPhase;
			buildActionMask = 2147483647;
			files = (
			);
			runOnlyForDeploymentPostprocessing = 0;
		};
/* End PBXResourcesBuildPhase section */

/* Begin PBXSourcesBuildPhase section */
		56A3F7D824A50D5E007FFF7F /* Sources */ = {
			isa = PBXSourcesBuildPhase;
			buildActionMask = 2147483647;
			files = (
				56A3F84A24A6C51B007FFF7F /* BalanceGameMainView.swift in Sources */,
				56A3F85C24A6C6E8007FFF7F /* Home.swift in Sources */,
				56A3F85E24A6CAED007FFF7F /* FeaturedGrid.swift in Sources */,
				56A3F84824A6C51B007FFF7F /* ActivitiesList.swift in Sources */,
				56A3F83F24A6C51B007FFF7F /* ExhibitCircleImage.swift in Sources */,
				56A3F85724A6C537007FFF7F /* ExhibitDetailView.swift in Sources */,
				56A3F84924A6C51B007FFF7F /* Board.swift in Sources */,
				56A3F84024A6C51B007FFF7F /* MatchTheColorMainView.swift in Sources */,
				56A3F81224A68C8F007FFF7F /* MapView.swift in Sources */,
				56A3F81824A6C4EE007FFF7F /* Helper.swift in Sources */,
				56A3F84D24A6C51B007FFF7F /* ResourceList.swift in Sources */,
				564C9DDB24AD194C0089E7B1 /* ZeroGravityView.swift in Sources */,
				56A3F84524A6C51B007FFF7F /* NameThePlanet.swift in Sources */,
				56A3F84424A6C51B007FFF7F /* GameOverSheetView.swift in Sources */,
				56A3F82324A6C505007FFF7F /* Planet.swift in Sources */,
				56A3F82124A6C505007FFF7F /* Exhibit.swift in Sources */,
				56A3F83D24A6C51B007FFF7F /* ExhibitList.swift in Sources */,
				564B5F5324ABE11B00E3C550 /* PlinkoView.swift in Sources */,
				56A3F7E224A50D5E007FFF7F /* ContentView.swift in Sources */,
				56A3F84B24A6C51B007FFF7F /* Triangle.swift in Sources */,
				56A3F83E24A6C51B007FFF7F /* ExhibitListItem.swift in Sources */,
				56A3F85824A6C537007FFF7F /* TheScienceView.swift in Sources */,
				56A3F84124A6C51B007FFF7F /* ColorToMatch.swift in Sources */,
				56A3F85124A6C52C007FFF7F /* LocationTitleView.swift in Sources */,
				56A3F82424A6C505007FFF7F /* Activity.swift in Sources */,
				564C9DD824AD032E0089E7B1 /* ResourceDetailView.swift in Sources */,
				56A3F84624A6C51B007FFF7F /* PlanetButton.swift in Sources */,
				56A3F84C24A6C51B007FFF7F /* VirtualExhbitListView.swift in Sources */,
				56A3F85324A6C52C007FFF7F /* FeaturedList.swift in Sources */,
				56A3F84724A6C51B007FFF7F /* AnswerText.swift in Sources */,
				56A3F84324A6C51B007FFF7F /* AlteredColor.swift in Sources */,
				56A3F7E024A50D5E007FFF7F /* ScienceScenterIOS14App.swift in Sources */,
				56A3F85224A6C52C007FFF7F /* HomeImage.swift in Sources */,
				56A3F82224A6C505007FFF7F /* Resource.swift in Sources */,
			);
			runOnlyForDeploymentPostprocessing = 0;
		};
		56A3F7E924A50D5F007FFF7F /* Sources */ = {
			isa = PBXSourcesBuildPhase;
			buildActionMask = 2147483647;
			files = (
				56A3F7F224A50D5F007FFF7F /* ScienceScenterIOS14Tests.swift in Sources */,
			);
			runOnlyForDeploymentPostprocessing = 0;
		};
		56A3F7F424A50D5F007FFF7F /* Sources */ = {
			isa = PBXSourcesBuildPhase;
			buildActionMask = 2147483647;
			files = (
				56A3F7FD24A50D5F007FFF7F /* ScienceScenterIOS14UITests.swift in Sources */,
			);
			runOnlyForDeploymentPostprocessing = 0;
		};
/* End PBXSourcesBuildPhase section */

/* Begin PBXTargetDependency section */
		56A3F7EF24A50D5F007FFF7F /* PBXTargetDependency */ = {
			isa = PBXTargetDependency;
			target = 56A3F7DB24A50D5E007FFF7F /* ScienceScenterIOS14 */;
			targetProxy = 56A3F7EE24A50D5F007FFF7F /* PBXContainerItemProxy */;
		};
		56A3F7FA24A50D5F007FFF7F /* PBXTargetDependency */ = {
			isa = PBXTargetDependency;
			target = 56A3F7DB24A50D5E007FFF7F /* ScienceScenterIOS14 */;
			targetProxy = 56A3F7F924A50D5F007FFF7F /* PBXContainerItemProxy */;
		};
/* End PBXTargetDependency section */

/* Begin XCBuildConfiguration section */
		56A3F7FF24A50D5F007FFF7F /* Debug */ = {
			isa = XCBuildConfiguration;
			buildSettings = {
				ALWAYS_SEARCH_USER_PATHS = NO;
				CLANG_ANALYZER_NONNULL = YES;
				CLANG_ANALYZER_NUMBER_OBJECT_CONVERSION = YES_AGGRESSIVE;
				CLANG_CXX_LANGUAGE_STANDARD = "gnu++14";
				CLANG_CXX_LIBRARY = "libc++";
				CLANG_ENABLE_MODULES = YES;
				CLANG_ENABLE_OBJC_ARC = YES;
				CLANG_ENABLE_OBJC_WEAK = YES;
				CLANG_WARN_BLOCK_CAPTURE_AUTORELEASING = YES;
				CLANG_WARN_BOOL_CONVERSION = YES;
				CLANG_WARN_COMMA = YES;
				CLANG_WARN_CONSTANT_CONVERSION = YES;
				CLANG_WARN_DEPRECATED_OBJC_IMPLEMENTATIONS = YES;
				CLANG_WARN_DIRECT_OBJC_ISA_USAGE = YES_ERROR;
				CLANG_WARN_DOCUMENTATION_COMMENTS = YES;
				CLANG_WARN_EMPTY_BODY = YES;
				CLANG_WARN_ENUM_CONVERSION = YES;
				CLANG_WARN_INFINITE_RECURSION = YES;
				CLANG_WARN_INT_CONVERSION = YES;
				CLANG_WARN_NON_LITERAL_NULL_CONVERSION = YES;
				CLANG_WARN_OBJC_IMPLICIT_RETAIN_SELF = YES;
				CLANG_WARN_OBJC_LITERAL_CONVERSION = YES;
				CLANG_WARN_OBJC_ROOT_CLASS = YES_ERROR;
				CLANG_WARN_QUOTED_INCLUDE_IN_FRAMEWORK_HEADER = YES;
				CLANG_WARN_RANGE_LOOP_ANALYSIS = YES;
				CLANG_WARN_STRICT_PROTOTYPES = YES;
				CLANG_WARN_SUSPICIOUS_MOVE = YES;
				CLANG_WARN_UNGUARDED_AVAILABILITY = YES_AGGRESSIVE;
				CLANG_WARN_UNREACHABLE_CODE = YES;
				CLANG_WARN__DUPLICATE_METHOD_MATCH = YES;
				COPY_PHASE_STRIP = NO;
				DEBUG_INFORMATION_FORMAT = dwarf;
				ENABLE_STRICT_OBJC_MSGSEND = YES;
				ENABLE_TESTABILITY = YES;
				GCC_C_LANGUAGE_STANDARD = gnu11;
				GCC_DYNAMIC_NO_PIC = NO;
				GCC_NO_COMMON_BLOCKS = YES;
				GCC_OPTIMIZATION_LEVEL = 0;
				GCC_PREPROCESSOR_DEFINITIONS = (
					"DEBUG=1",
					"$(inherited)",
				);
				GCC_WARN_64_TO_32_BIT_CONVERSION = YES;
				GCC_WARN_ABOUT_RETURN_TYPE = YES_ERROR;
				GCC_WARN_UNDECLARED_SELECTOR = YES;
				GCC_WARN_UNINITIALIZED_AUTOS = YES_AGGRESSIVE;
				GCC_WARN_UNUSED_FUNCTION = YES;
				GCC_WARN_UNUSED_VARIABLE = YES;
				IPHONEOS_DEPLOYMENT_TARGET = 14.0;
				MTL_ENABLE_DEBUG_INFO = INCLUDE_SOURCE;
				MTL_FAST_MATH = YES;
				ONLY_ACTIVE_ARCH = YES;
				SDKROOT = iphoneos;
				SWIFT_ACTIVE_COMPILATION_CONDITIONS = DEBUG;
				SWIFT_OPTIMIZATION_LEVEL = "-Onone";
			};
			name = Debug;
		};
		56A3F80024A50D5F007FFF7F /* Release */ = {
			isa = XCBuildConfiguration;
			buildSettings = {
				ALWAYS_SEARCH_USER_PATHS = NO;
				CLANG_ANALYZER_NONNULL = YES;
				CLANG_ANALYZER_NUMBER_OBJECT_CONVERSION = YES_AGGRESSIVE;
				CLANG_CXX_LANGUAGE_STANDARD = "gnu++14";
				CLANG_CXX_LIBRARY = "libc++";
				CLANG_ENABLE_MODULES = YES;
				CLANG_ENABLE_OBJC_ARC = YES;
				CLANG_ENABLE_OBJC_WEAK = YES;
				CLANG_WARN_BLOCK_CAPTURE_AUTORELEASING = YES;
				CLANG_WARN_BOOL_CONVERSION = YES;
				CLANG_WARN_COMMA = YES;
				CLANG_WARN_CONSTANT_CONVERSION = YES;
				CLANG_WARN_DEPRECATED_OBJC_IMPLEMENTATIONS = YES;
				CLANG_WARN_DIRECT_OBJC_ISA_USAGE = YES_ERROR;
				CLANG_WARN_DOCUMENTATION_COMMENTS = YES;
				CLANG_WARN_EMPTY_BODY = YES;
				CLANG_WARN_ENUM_CONVERSION = YES;
				CLANG_WARN_INFINITE_RECURSION = YES;
				CLANG_WARN_INT_CONVERSION = YES;
				CLANG_WARN_NON_LITERAL_NULL_CONVERSION = YES;
				CLANG_WARN_OBJC_IMPLICIT_RETAIN_SELF = YES;
				CLANG_WARN_OBJC_LITERAL_CONVERSION = YES;
				CLANG_WARN_OBJC_ROOT_CLASS = YES_ERROR;
				CLANG_WARN_QUOTED_INCLUDE_IN_FRAMEWORK_HEADER = YES;
				CLANG_WARN_RANGE_LOOP_ANALYSIS = YES;
				CLANG_WARN_STRICT_PROTOTYPES = YES;
				CLANG_WARN_SUSPICIOUS_MOVE = YES;
				CLANG_WARN_UNGUARDED_AVAILABILITY = YES_AGGRESSIVE;
				CLANG_WARN_UNREACHABLE_CODE = YES;
				CLANG_WARN__DUPLICATE_METHOD_MATCH = YES;
				COPY_PHASE_STRIP = NO;
				DEBUG_INFORMATION_FORMAT = "dwarf-with-dsym";
				ENABLE_NS_ASSERTIONS = NO;
				ENABLE_STRICT_OBJC_MSGSEND = YES;
				GCC_C_LANGUAGE_STANDARD = gnu11;
				GCC_NO_COMMON_BLOCKS = YES;
				GCC_WARN_64_TO_32_BIT_CONVERSION = YES;
				GCC_WARN_ABOUT_RETURN_TYPE = YES_ERROR;
				GCC_WARN_UNDECLARED_SELECTOR = YES;
				GCC_WARN_UNINITIALIZED_AUTOS = YES_AGGRESSIVE;
				GCC_WARN_UNUSED_FUNCTION = YES;
				GCC_WARN_UNUSED_VARIABLE = YES;
				IPHONEOS_DEPLOYMENT_TARGET = 14.0;
				MTL_ENABLE_DEBUG_INFO = NO;
				MTL_FAST_MATH = YES;
				SDKROOT = iphoneos;
				SWIFT_COMPILATION_MODE = wholemodule;
				SWIFT_OPTIMIZATION_LEVEL = "-O";
				VALIDATE_PRODUCT = YES;
			};
			name = Release;
		};
		56A3F80224A50D5F007FFF7F /* Debug */ = {
			isa = XCBuildConfiguration;
			buildSettings = {
				ASSETCATALOG_COMPILER_APPICON_NAME = AppIcon;
				ASSETCATALOG_COMPILER_GLOBAL_ACCENT_COLOR_NAME = AccentColor;
				CODE_SIGN_STYLE = Automatic;
				DEVELOPMENT_ASSET_PATHS = "\"ScienceScenterIOS14/Preview Content\"";
				DEVELOPMENT_TEAM = B3QXGF2N8Y;
				ENABLE_PREVIEWS = YES;
				INFOPLIST_FILE = ScienceScenterIOS14/Info.plist;
				IPHONEOS_DEPLOYMENT_TARGET = 14.0;
				LD_RUNPATH_SEARCH_PATHS = (
					"$(inherited)",
					"@executable_path/Frameworks",
				);
				PRODUCT_BUNDLE_IDENTIFIER = com.tdh55.ScienceScenterIOS14;
				PRODUCT_NAME = "$(TARGET_NAME)";
				SWIFT_VERSION = 5.0;
				TARGETED_DEVICE_FAMILY = "1,2";
			};
			name = Debug;
		};
		56A3F80324A50D5F007FFF7F /* Release */ = {
			isa = XCBuildConfiguration;
			buildSettings = {
				ASSETCATALOG_COMPILER_APPICON_NAME = AppIcon;
				ASSETCATALOG_COMPILER_GLOBAL_ACCENT_COLOR_NAME = AccentColor;
				CODE_SIGN_STYLE = Automatic;
				DEVELOPMENT_ASSET_PATHS = "\"ScienceScenterIOS14/Preview Content\"";
				DEVELOPMENT_TEAM = B3QXGF2N8Y;
				ENABLE_PREVIEWS = YES;
				INFOPLIST_FILE = ScienceScenterIOS14/Info.plist;
				IPHONEOS_DEPLOYMENT_TARGET = 14.0;
				LD_RUNPATH_SEARCH_PATHS = (
					"$(inherited)",
					"@executable_path/Frameworks",
				);
				PRODUCT_BUNDLE_IDENTIFIER = com.tdh55.ScienceScenterIOS14;
				PRODUCT_NAME = "$(TARGET_NAME)";
				SWIFT_VERSION = 5.0;
				TARGETED_DEVICE_FAMILY = "1,2";
			};
			name = Release;
		};
		56A3F80524A50D5F007FFF7F /* Debug */ = {
			isa = XCBuildConfiguration;
			buildSettings = {
				ALWAYS_EMBED_SWIFT_STANDARD_LIBRARIES = YES;
				BUNDLE_LOADER = "$(TEST_HOST)";
				CODE_SIGN_STYLE = Automatic;
				DEVELOPMENT_TEAM = B3QXGF2N8Y;
				INFOPLIST_FILE = ScienceScenterIOS14Tests/Info.plist;
				IPHONEOS_DEPLOYMENT_TARGET = 14.0;
				LD_RUNPATH_SEARCH_PATHS = (
					"$(inherited)",
					"@executable_path/Frameworks",
					"@loader_path/Frameworks",
				);
				PRODUCT_BUNDLE_IDENTIFIER = com.tdh55.ScienceScenterIOS14Tests;
				PRODUCT_NAME = "$(TARGET_NAME)";
				SWIFT_VERSION = 5.0;
				TARGETED_DEVICE_FAMILY = "1,2";
				TEST_HOST = "$(BUILT_PRODUCTS_DIR)/ScienceScenterIOS14.app/ScienceScenterIOS14";
			};
			name = Debug;
		};
		56A3F80624A50D5F007FFF7F /* Release */ = {
			isa = XCBuildConfiguration;
			buildSettings = {
				ALWAYS_EMBED_SWIFT_STANDARD_LIBRARIES = YES;
				BUNDLE_LOADER = "$(TEST_HOST)";
				CODE_SIGN_STYLE = Automatic;
				DEVELOPMENT_TEAM = B3QXGF2N8Y;
				INFOPLIST_FILE = ScienceScenterIOS14Tests/Info.plist;
				IPHONEOS_DEPLOYMENT_TARGET = 14.0;
				LD_RUNPATH_SEARCH_PATHS = (
					"$(inherited)",
					"@executable_path/Frameworks",
					"@loader_path/Frameworks",
				);
				PRODUCT_BUNDLE_IDENTIFIER = com.tdh55.ScienceScenterIOS14Tests;
				PRODUCT_NAME = "$(TARGET_NAME)";
				SWIFT_VERSION = 5.0;
				TARGETED_DEVICE_FAMILY = "1,2";
				TEST_HOST = "$(BUILT_PRODUCTS_DIR)/ScienceScenterIOS14.app/ScienceScenterIOS14";
			};
			name = Release;
		};
		56A3F80824A50D5F007FFF7F /* Debug */ = {
			isa = XCBuildConfiguration;
			buildSettings = {
				ALWAYS_EMBED_SWIFT_STANDARD_LIBRARIES = YES;
				CODE_SIGN_STYLE = Automatic;
				DEVELOPMENT_TEAM = B3QXGF2N8Y;
				INFOPLIST_FILE = ScienceScenterIOS14UITests/Info.plist;
				LD_RUNPATH_SEARCH_PATHS = (
					"$(inherited)",
					"@executable_path/Frameworks",
					"@loader_path/Frameworks",
				);
				PRODUCT_BUNDLE_IDENTIFIER = com.tdh55.ScienceScenterIOS14UITests;
				PRODUCT_NAME = "$(TARGET_NAME)";
				SWIFT_VERSION = 5.0;
				TARGETED_DEVICE_FAMILY = "1,2";
				TEST_TARGET_NAME = ScienceScenterIOS14;
			};
			name = Debug;
		};
		56A3F80924A50D5F007FFF7F /* Release */ = {
			isa = XCBuildConfiguration;
			buildSettings = {
				ALWAYS_EMBED_SWIFT_STANDARD_LIBRARIES = YES;
				CODE_SIGN_STYLE = Automatic;
				DEVELOPMENT_TEAM = B3QXGF2N8Y;
				INFOPLIST_FILE = ScienceScenterIOS14UITests/Info.plist;
				LD_RUNPATH_SEARCH_PATHS = (
					"$(inherited)",
					"@executable_path/Frameworks",
					"@loader_path/Frameworks",
				);
				PRODUCT_BUNDLE_IDENTIFIER = com.tdh55.ScienceScenterIOS14UITests;
				PRODUCT_NAME = "$(TARGET_NAME)";
				SWIFT_VERSION = 5.0;
				TARGETED_DEVICE_FAMILY = "1,2";
				TEST_TARGET_NAME = ScienceScenterIOS14;
			};
			name = Release;
		};
/* End XCBuildConfiguration section */

/* Begin XCConfigurationList section */
		56A3F7D724A50D5E007FFF7F /* Build configuration list for PBXProject "ScienceScenterIOS14" */ = {
			isa = XCConfigurationList;
			buildConfigurations = (
				56A3F7FF24A50D5F007FFF7F /* Debug */,
				56A3F80024A50D5F007FFF7F /* Release */,
			);
			defaultConfigurationIsVisible = 0;
			defaultConfigurationName = Release;
		};
		56A3F80124A50D5F007FFF7F /* Build configuration list for PBXNativeTarget "ScienceScenterIOS14" */ = {
			isa = XCConfigurationList;
			buildConfigurations = (
				56A3F80224A50D5F007FFF7F /* Debug */,
				56A3F80324A50D5F007FFF7F /* Release */,
			);
			defaultConfigurationIsVisible = 0;
			defaultConfigurationName = Release;
		};
		56A3F80424A50D5F007FFF7F /* Build configuration list for PBXNativeTarget "ScienceScenterIOS14Tests" */ = {
			isa = XCConfigurationList;
			buildConfigurations = (
				56A3F80524A50D5F007FFF7F /* Debug */,
				56A3F80624A50D5F007FFF7F /* Release */,
			);
			defaultConfigurationIsVisible = 0;
			defaultConfigurationName = Release;
		};
		56A3F80724A50D5F007FFF7F /* Build configuration list for PBXNativeTarget "ScienceScenterIOS14UITests" */ = {
			isa = XCConfigurationList;
			buildConfigurations = (
				56A3F80824A50D5F007FFF7F /* Debug */,
				56A3F80924A50D5F007FFF7F /* Release */,
			);
			defaultConfigurationIsVisible = 0;
			defaultConfigurationName = Release;
		};
/* End XCConfigurationList section */
	};
	rootObject = 56A3F7D424A50D5E007FFF7F /* Project object */;
}
